{
  "name": "search-criteria",
  "lockfileVersion": 3,
  "requires": true,
  "packages": {
    "": {
      "dependencies": {
        "@ngrx/effects": "^17.2.0",
        "@ngrx/entity": "^17.2.0",
        "@ngrx/store": "^17.2.0",
        "@ngrx/store-devtools": "^17.2.0"
      }
    },
    "node_modules/@angular/core": {
      "version": "17.3.7",
      "resolved": "https://registry.npmjs.org/@angular/core/-/core-17.3.7.tgz",
      "integrity": "sha512-HWcrbxqnvIMSxFuQdN0KPt08bc87hqr0LKm89yuRTUwx/2sNJlNQUobk6aJj4trswGBttcRDT+GOS4DQP2Nr4g==",
      "peer": true,
      "dependencies": {
        "tslib": "^2.3.0"
      },
      "engines": {
        "node": "^18.13.0 || >=20.9.0"
      },
      "peerDependencies": {
        "rxjs": "^6.5.3 || ^7.4.0",
        "zone.js": "~0.14.0"
      }
    },
    "node_modules/@ngrx/effects": {
      "version": "17.2.0",
      "resolved": "https://registry.npmjs.org/@ngrx/effects/-/effects-17.2.0.tgz",
      "integrity": "sha512-tXDJNsuBtbvI/7+vYnkDKKpUvLbopw1U5G6LoPnKNrbTPsPcUGmCqF5Su/ZoRN3BhXjt2j+eoeVdpBkxdxMRgg==",
      "dependencies": {
        "@ngrx/operators": "17.0.0-beta.0",
        "tslib": "^2.0.0"
      },
      "peerDependencies": {
        "@angular/core": "^17.0.0",
        "@ngrx/store": "17.2.0",
        "rxjs": "^6.5.3 || ^7.5.0"
      }
    },
    "node_modules/@ngrx/entity": {
      "version": "17.2.0",
      "resolved": "https://registry.npmjs.org/@ngrx/entity/-/entity-17.2.0.tgz",
      "integrity": "sha512-epXgojGXCrVMNrFdv60704iRUU+pYkE1qHBppP/wqKbZZIZHaagsg2jy8/ptDP7U3udvVq0z9suc1s+zpmL2EA==",
      "dependencies": {
        "tslib": "^2.0.0"
      },
      "peerDependencies": {
        "@angular/core": "^17.0.0",
        "@ngrx/store": "17.2.0",
        "rxjs": "^6.5.3 || ^7.5.0"
      }
    },
    "node_modules/@ngrx/operators": {
      "version": "17.0.0-beta.0",
      "resolved": "https://registry.npmjs.org/@ngrx/operators/-/operators-17.0.0-beta.0.tgz",
      "integrity": "sha512-EbO8AONuQ6zo2v/mPyBOi4y0CTAp1x4Z+bx7ZF+Pd8BL5ma53BTCL1TmzaeK5zPUe0yApudLk9/ZbHXPnVox5A==",
      "dependencies": {
        "tslib": "^2.3.0"
      },
      "peerDependencies": {
        "rxjs": "^6.5.3 || ^7.4.0"
      }
    },
    "node_modules/@ngrx/store": {
      "version": "17.2.0",
      "resolved": "https://registry.npmjs.org/@ngrx/store/-/store-17.2.0.tgz",
      "integrity": "sha512-7wKgZ59B/6yQSvvsU0DQXipDqpkAXv7LwcXLD5Ww7nvqN0fQoRPThMh4+Wv55DCJhE0bQc1NEMciLA47uRt7Wg==",
      "dependencies": {
        "tslib": "^2.0.0"
      },
      "peerDependencies": {
        "@angular/core": "^17.0.0",
        "rxjs": "^6.5.3 || ^7.5.0"
      }
    },
    "node_modules/@ngrx/store-devtools": {
      "version": "17.2.0",
      "resolved": "https://registry.npmjs.org/@ngrx/store-devtools/-/store-devtools-17.2.0.tgz",
      "integrity": "sha512-ig0qr6hMexZGnrlxfHvZmu5CanRjH7hhx60XUbB5BdBvWJIIRaWKPLcsniiDUhljAD87gvzrrilbCTiML38+CA==",
      "dependencies": {
        "tslib": "^2.0.0"
      },
      "peerDependencies": {
        "@ngrx/store": "17.2.0",
        "rxjs": "^6.5.3 || ^7.5.0"
      }
    },
    "node_modules/rxjs": {
      "version": "7.8.1",
      "resolved": "https://registry.npmjs.org/rxjs/-/rxjs-7.8.1.tgz",
      "integrity": "sha512-AA3TVj+0A2iuIoQkWEK/tqFjBq2j+6PO6Y0zJcvzLAFhEFIO3HL0vls9hWLncZbAAbK0mar7oZ4V079I/qPMxg==",
      "peer": true,
      "dependencies": {
        "tslib": "^2.1.0"
      }
    },
    "node_modules/tslib": {
      "version": "2.6.2",
      "resolved": "https://registry.npmjs.org/tslib/-/tslib-2.6.2.tgz",
      "integrity": "sha512-AEYxH93jGFPn/a2iVAwW87VuUIkR1FVUKB77NwMF7nBTDkDrrT/Hpt/IrCJ0QXhW27jTBDcf5ZY7w6RiqTMw2Q=="
    },
    "node_modules/zone.js": {
      "version": "0.14.5",
      "resolved": "https://registry.npmjs.org/zone.js/-/zone.js-0.14.5.tgz",
      "integrity": "sha512-9XYWZzY6PhHOSdkYryNcMm7L8EK7a4q+GbTvxbIA2a9lMdRUpGuyaYvLDcg8D6bdn+JomSsbPcilVKg6SmUx6w==",
      "peer": true,
      "dependencies": {
        "tslib": "^2.3.0"
      }
    }
  }
}
